
Microsoft Visual Studio Solution File, Format Version 12.00
# Visual Studio 15
VisualStudioVersion = 15.0.27130.2010
MinimumVisualStudioVersion = 15.0.26124.0
Project("{9A19103F-16F7-4668-BE54-9A1E7A4F7556}") = "Hcs.Platform.Webapi", "Hcs.Platform.Webapi\Hcs.Platform.Webapi.csproj", "{C4B0AB6D-0990-4433-A9CE-95EBD4D346E6}"
EndProject
Project("{9A19103F-16F7-4668-BE54-9A1E7A4F7556}") = "Hcs.Platform.Abstractions", "Hcs.Platform.Abstractions\Hcs.Platform.Abstractions.csproj", "{08ED3BA5-BEF1-48B8-863F-090991E48DEA}"
EndProject
Project("{9A19103F-16F7-4668-BE54-9A1E7A4F7556}") = "Hcs.Platform.Flow", "Hcs.Platform.Flow\Hcs.Platform.Flow.csproj", "{A7C3F7CF-0FA9-4859-A534-AF4A2AE98DF8}"
EndProject
Project("{9A19103F-16F7-4668-BE54-9A1E7A4F7556}") = "Hcs.Platform.Flow.Tests", "Hcs.Platform.Flow.Tests\Hcs.Platform.Flow.Tests.csproj", "{3890B95A-61F8-4407-A866-56FB5006E1AD}"
EndProject
Project("{9A19103F-16F7-4668-BE54-9A1E7A4F7556}") = "Hcs.Platform.Core", "Hcs.Platform.Core\Hcs.Platform.Core.csproj", "{100125CA-4013-474D-8A82-70A979076A1D}"
EndProject
Project("{9A19103F-16F7-4668-BE54-9A1E7A4F7556}") = "Hcs.Expressions", "Hcs.Expressions\Hcs.Expressions.csproj", "{F859DA3F-EA58-4BD7-9655-CB7DBA2A65DE}"
EndProject
Project("{9A19103F-16F7-4668-BE54-9A1E7A4F7556}") = "Hcs.Extensions.Type", "Hcs.Extensions.Type\Hcs.Extensions.Type.csproj", "{4E961CF7-A09C-4B5B-8099-830BFDE4A160}"
EndProject
Project("{9A19103F-16F7-4668-BE54-9A1E7A4F7556}") = "Hcs.Extensions.Type.Tests", "Hcs.Extensions.Type.Tests\Hcs.Extensions.Type.Tests.csproj", "{FF1D50C2-7F01-4B87-9524-88D8AC6A5E79}"
EndProject
Project("{9A19103F-16F7-4668-BE54-9A1E7A4F7556}") = "Hcs.Platform.BaseModels", "Hcs.Platform.BaseModels\Hcs.Platform.BaseModels.csproj", "{DB61874F-D92B-47EC-A2C8-530207FEE371}"
EndProject
Project("{9A19103F-16F7-4668-BE54-9A1E7A4F7556}") = "Hcs.PlatformModule.Basic", "Hcs.PlatformModule.Basic\Hcs.PlatformModule.Basic.csproj", "{C8115E0D-83E8-479B-BEF2-49B36E4A3F72}"
EndProject
Project("{9A19103F-16F7-4668-BE54-9A1E7A4F7556}") = "Hcs.Encryption", "Hcs.Encryption\Hcs.Encryption.csproj", "{537839E2-59C3-4D8B-80E1-60EC59EA5E26}"
EndProject
Project("{9A19103F-16F7-4668-BE54-9A1E7A4F7556}") = "Hcs.Extensions.EntityFrameworkCore", "Hcs.Extensions.EntityFrameworkCore\Hcs.Extensions.EntityFrameworkCore.csproj", "{9B79FA59-5D26-443F-B9D5-41C78246CBB9}"
EndProject
Project("{9A19103F-16F7-4668-BE54-9A1E7A4F7556}") = "Hcs.Extensions.Collections", "Hcs.Extensions.Collections\Hcs.Extensions.Collections.csproj", "{380689E6-0437-441C-BF91-636990D8D193}"
EndProject
Project("{9A19103F-16F7-4668-BE54-9A1E7A4F7556}") = "Hcs.PlatformModule.Test", "Hcs.PlatformModule.Test\Hcs.PlatformModule.Test.csproj", "{37E8F699-F8EC-4E04-88DB-F1D6F423273C}"
EndProject
Project("{9A19103F-16F7-4668-BE54-9A1E7A4F7556}") = "Hcs.PlatformModule.Test.Model", "Hcs.PlatformModule.Test.Model\Hcs.PlatformModule.Test.Model.csproj", "{AB92EBAE-E1E5-49B5-A555-2DBE70406E21}"
EndProject
Project("{9A19103F-16F7-4668-BE54-9A1E7A4F7556}") = "Hcs.Serialize.Xlsx", "Hcs.Serialize.Xlsx\Hcs.Serialize.Xlsx.csproj", "{DF4DEBD8-873B-4D28-8ACE-6890853C6CAD}"
EndProject
Global
	GlobalSection(SolutionConfigurationPlatforms) = preSolution
		Debug|Any CPU = Debug|Any CPU
		Debug|x64 = Debug|x64
		Debug|x86 = Debug|x86
		Release|Any CPU = Release|Any CPU
		Release|x64 = Release|x64
		Release|x86 = Release|x86
	EndGlobalSection
	GlobalSection(ProjectConfigurationPlatforms) = postSolution
		{C4B0AB6D-0990-4433-A9CE-95EBD4D346E6}.Debug|Any CPU.ActiveCfg = Debug|Any CPU
		{C4B0AB6D-0990-4433-A9CE-95EBD4D346E6}.Debug|Any CPU.Build.0 = Debug|Any CPU
		{C4B0AB6D-0990-4433-A9CE-95EBD4D346E6}.Debug|x64.ActiveCfg = Debug|Any CPU
		{C4B0AB6D-0990-4433-A9CE-95EBD4D346E6}.Debug|x64.Build.0 = Debug|Any CPU
		{C4B0AB6D-0990-4433-A9CE-95EBD4D346E6}.Debug|x86.ActiveCfg = Debug|Any CPU
		{C4B0AB6D-0990-4433-A9CE-95EBD4D346E6}.Debug|x86.Build.0 = Debug|Any CPU
		{C4B0AB6D-0990-4433-A9CE-95EBD4D346E6}.Release|Any CPU.ActiveCfg = Release|Any CPU
		{C4B0AB6D-0990-4433-A9CE-95EBD4D346E6}.Release|Any CPU.Build.0 = Release|Any CPU
		{C4B0AB6D-0990-4433-A9CE-95EBD4D346E6}.Release|x64.ActiveCfg = Release|Any CPU
		{C4B0AB6D-0990-4433-A9CE-95EBD4D346E6}.Release|x64.Build.0 = Release|Any CPU
		{C4B0AB6D-0990-4433-A9CE-95EBD4D346E6}.Release|x86.ActiveCfg = Release|Any CPU
		{C4B0AB6D-0990-4433-A9CE-95EBD4D346E6}.Release|x86.Build.0 = Release|Any CPU
		{08ED3BA5-BEF1-48B8-863F-090991E48DEA}.Debug|Any CPU.ActiveCfg = Debug|Any CPU
		{08ED3BA5-BEF1-48B8-863F-090991E48DEA}.Debug|Any CPU.Build.0 = Debug|Any CPU
		{08ED3BA5-BEF1-48B8-863F-090991E48DEA}.Debug|x64.ActiveCfg = Debug|Any CPU
		{08ED3BA5-BEF1-48B8-863F-090991E48DEA}.Debug|x64.Build.0 = Debug|Any CPU
		{08ED3BA5-BEF1-48B8-863F-090991E48DEA}.Debug|x86.ActiveCfg = Debug|Any CPU
		{08ED3BA5-BEF1-48B8-863F-090991E48DEA}.Debug|x86.Build.0 = Debug|Any CPU
		{08ED3BA5-BEF1-48B8-863F-090991E48DEA}.Release|Any CPU.ActiveCfg = Release|Any CPU
		{08ED3BA5-BEF1-48B8-863F-090991E48DEA}.Release|Any CPU.Build.0 = Release|Any CPU
		{08ED3BA5-BEF1-48B8-863F-090991E48DEA}.Release|x64.ActiveCfg = Release|Any CPU
		{08ED3BA5-BEF1-48B8-863F-090991E48DEA}.Release|x64.Build.0 = Release|Any CPU
		{08ED3BA5-BEF1-48B8-863F-090991E48DEA}.Release|x86.ActiveCfg = Release|Any CPU
		{08ED3BA5-BEF1-48B8-863F-090991E48DEA}.Release|x86.Build.0 = Release|Any CPU
		{A7C3F7CF-0FA9-4859-A534-AF4A2AE98DF8}.Debug|Any CPU.ActiveCfg = Debug|Any CPU
		{A7C3F7CF-0FA9-4859-A534-AF4A2AE98DF8}.Debug|Any CPU.Build.0 = Debug|Any CPU
		{A7C3F7CF-0FA9-4859-A534-AF4A2AE98DF8}.Debug|x64.ActiveCfg = Debug|Any CPU
		{A7C3F7CF-0FA9-4859-A534-AF4A2AE98DF8}.Debug|x64.Build.0 = Debug|Any CPU
		{A7C3F7CF-0FA9-4859-A534-AF4A2AE98DF8}.Debug|x86.ActiveCfg = Debug|Any CPU
		{A7C3F7CF-0FA9-4859-A534-AF4A2AE98DF8}.Debug|x86.Build.0 = Debug|Any CPU
		{A7C3F7CF-0FA9-4859-A534-AF4A2AE98DF8}.Release|Any CPU.ActiveCfg = Release|Any CPU
		{A7C3F7CF-0FA9-4859-A534-AF4A2AE98DF8}.Release|Any CPU.Build.0 = Release|Any CPU
		{A7C3F7CF-0FA9-4859-A534-AF4A2AE98DF8}.Release|x64.ActiveCfg = Release|Any CPU
		{A7C3F7CF-0FA9-4859-A534-AF4A2AE98DF8}.Release|x64.Build.0 = Release|Any CPU
		{A7C3F7CF-0FA9-4859-A534-AF4A2AE98DF8}.Release|x86.ActiveCfg = Release|Any CPU
		{A7C3F7CF-0FA9-4859-A534-AF4A2AE98DF8}.Release|x86.Build.0 = Release|Any CPU
		{3890B95A-61F8-4407-A866-56FB5006E1AD}.Debug|Any CPU.ActiveCfg = Debug|Any CPU
		{3890B95A-61F8-4407-A866-56FB5006E1AD}.Debug|Any CPU.Build.0 = Debug|Any CPU
		{3890B95A-61F8-4407-A866-56FB5006E1AD}.Debug|x64.ActiveCfg = Debug|Any CPU
		{3890B95A-61F8-4407-A866-56FB5006E1AD}.Debug|x64.Build.0 = Debug|Any CPU
		{3890B95A-61F8-4407-A866-56FB5006E1AD}.Debug|x86.ActiveCfg = Debug|Any CPU
		{3890B95A-61F8-4407-A866-56FB5006E1AD}.Debug|x86.Build.0 = Debug|Any CPU
		{3890B95A-61F8-4407-A866-56FB5006E1AD}.Release|Any CPU.ActiveCfg = Release|Any CPU
		{3890B95A-61F8-4407-A866-56FB5006E1AD}.Release|Any CPU.Build.0 = Release|Any CPU
		{3890B95A-61F8-4407-A866-56FB5006E1AD}.Release|x64.ActiveCfg = Release|Any CPU
		{3890B95A-61F8-4407-A866-56FB5006E1AD}.Release|x64.Build.0 = Release|Any CPU
		{3890B95A-61F8-4407-A866-56FB5006E1AD}.Release|x86.ActiveCfg = Release|Any CPU
		{3890B95A-61F8-4407-A866-56FB5006E1AD}.Release|x86.Build.0 = Release|Any CPU
		{100125CA-4013-474D-8A82-70A979076A1D}.Debug|Any CPU.ActiveCfg = Debug|Any CPU
		{100125CA-4013-474D-8A82-70A979076A1D}.Debug|Any CPU.Build.0 = Debug|Any CPU
		{100125CA-4013-474D-8A82-70A979076A1D}.Debug|x64.ActiveCfg = Debug|Any CPU
		{100125CA-4013-474D-8A82-70A979076A1D}.Debug|x64.Build.0 = Debug|Any CPU
		{100125CA-4013-474D-8A82-70A979076A1D}.Debug|x86.ActiveCfg = Debug|Any CPU
		{100125CA-4013-474D-8A82-70A979076A1D}.Debug|x86.Build.0 = Debug|Any CPU
		{100125CA-4013-474D-8A82-70A979076A1D}.Release|Any CPU.ActiveCfg = Release|Any CPU
		{100125CA-4013-474D-8A82-70A979076A1D}.Release|Any CPU.Build.0 = Release|Any CPU
		{100125CA-4013-474D-8A82-70A979076A1D}.Release|x64.ActiveCfg = Release|Any CPU
		{100125CA-4013-474D-8A82-70A979076A1D}.Release|x64.Build.0 = Release|Any CPU
		{100125CA-4013-474D-8A82-70A979076A1D}.Release|x86.ActiveCfg = Release|Any CPU
		{100125CA-4013-474D-8A82-70A979076A1D}.Release|x86.Build.0 = Release|Any CPU
		{F859DA3F-EA58-4BD7-9655-CB7DBA2A65DE}.Debug|Any CPU.ActiveCfg = Debug|Any CPU
		{F859DA3F-EA58-4BD7-9655-CB7DBA2A65DE}.Debug|Any CPU.Build.0 = Debug|Any CPU
		{F859DA3F-EA58-4BD7-9655-CB7DBA2A65DE}.Debug|x64.ActiveCfg = Debug|Any CPU
		{F859DA3F-EA58-4BD7-9655-CB7DBA2A65DE}.Debug|x64.Build.0 = Debug|Any CPU
		{F859DA3F-EA58-4BD7-9655-CB7DBA2A65DE}.Debug|x86.ActiveCfg = Debug|Any CPU
		{F859DA3F-EA58-4BD7-9655-CB7DBA2A65DE}.Debug|x86.Build.0 = Debug|Any CPU
		{F859DA3F-EA58-4BD7-9655-CB7DBA2A65DE}.Release|Any CPU.ActiveCfg = Release|Any CPU
		{F859DA3F-EA58-4BD7-9655-CB7DBA2A65DE}.Release|Any CPU.Build.0 = Release|Any CPU
		{F859DA3F-EA58-4BD7-9655-CB7DBA2A65DE}.Release|x64.ActiveCfg = Release|Any CPU
		{F859DA3F-EA58-4BD7-9655-CB7DBA2A65DE}.Release|x64.Build.0 = Release|Any CPU
		{F859DA3F-EA58-4BD7-9655-CB7DBA2A65DE}.Release|x86.ActiveCfg = Release|Any CPU
		{F859DA3F-EA58-4BD7-9655-CB7DBA2A65DE}.Release|x86.Build.0 = Release|Any CPU
		{4E961CF7-A09C-4B5B-8099-830BFDE4A160}.Debug|Any CPU.ActiveCfg = Debug|Any CPU
		{4E961CF7-A09C-4B5B-8099-830BFDE4A160}.Debug|Any CPU.Build.0 = Debug|Any CPU
		{4E961CF7-A09C-4B5B-8099-830BFDE4A160}.Debug|x64.ActiveCfg = Debug|Any CPU
		{4E961CF7-A09C-4B5B-8099-830BFDE4A160}.Debug|x64.Build.0 = Debug|Any CPU
		{4E961CF7-A09C-4B5B-8099-830BFDE4A160}.Debug|x86.ActiveCfg = Debug|Any CPU
		{4E961CF7-A09C-4B5B-8099-830BFDE4A160}.Debug|x86.Build.0 = Debug|Any CPU
		{4E961CF7-A09C-4B5B-8099-830BFDE4A160}.Release|Any CPU.ActiveCfg = Release|Any CPU
		{4E961CF7-A09C-4B5B-8099-830BFDE4A160}.Release|Any CPU.Build.0 = Release|Any CPU
		{4E961CF7-A09C-4B5B-8099-830BFDE4A160}.Release|x64.ActiveCfg = Release|Any CPU
		{4E961CF7-A09C-4B5B-8099-830BFDE4A160}.Release|x64.Build.0 = Release|Any CPU
		{4E961CF7-A09C-4B5B-8099-830BFDE4A160}.Release|x86.ActiveCfg = Release|Any CPU
		{4E961CF7-A09C-4B5B-8099-830BFDE4A160}.Release|x86.Build.0 = Release|Any CPU
		{FF1D50C2-7F01-4B87-9524-88D8AC6A5E79}.Debug|Any CPU.ActiveCfg = Debug|Any CPU
		{FF1D50C2-7F01-4B87-9524-88D8AC6A5E79}.Debug|Any CPU.Build.0 = Debug|Any CPU
		{FF1D50C2-7F01-4B87-9524-88D8AC6A5E79}.Debug|x64.ActiveCfg = Debug|Any CPU
		{FF1D50C2-7F01-4B87-9524-88D8AC6A5E79}.Debug|x64.Build.0 = Debug|Any CPU
		{FF1D50C2-7F01-4B87-9524-88D8AC6A5E79}.Debug|x86.ActiveCfg = Debug|Any CPU
		{FF1D50C2-7F01-4B87-9524-88D8AC6A5E79}.Debug|x86.Build.0 = Debug|Any CPU
		{FF1D50C2-7F01-4B87-9524-88D8AC6A5E79}.Release|Any CPU.ActiveCfg = Release|Any CPU
		{FF1D50C2-7F01-4B87-9524-88D8AC6A5E79}.Release|Any CPU.Build.0 = Release|Any CPU
		{FF1D50C2-7F01-4B87-9524-88D8AC6A5E79}.Release|x64.ActiveCfg = Release|Any CPU
		{FF1D50C2-7F01-4B87-9524-88D8AC6A5E79}.Release|x64.Build.0 = Release|Any CPU
		{FF1D50C2-7F01-4B87-9524-88D8AC6A5E79}.Release|x86.ActiveCfg = Release|Any CPU
		{FF1D50C2-7F01-4B87-9524-88D8AC6A5E79}.Release|x86.Build.0 = Release|Any CPU
		{DB61874F-D92B-47EC-A2C8-530207FEE371}.Debug|Any CPU.ActiveCfg = Debug|Any CPU
		{DB61874F-D92B-47EC-A2C8-530207FEE371}.Debug|Any CPU.Build.0 = Debug|Any CPU
		{DB61874F-D92B-47EC-A2C8-530207FEE371}.Debug|x64.ActiveCfg = Debug|Any CPU
		{DB61874F-D92B-47EC-A2C8-530207FEE371}.Debug|x64.Build.0 = Debug|Any CPU
		{DB61874F-D92B-47EC-A2C8-530207FEE371}.Debug|x86.ActiveCfg = Debug|Any CPU
		{DB61874F-D92B-47EC-A2C8-530207FEE371}.Debug|x86.Build.0 = Debug|Any CPU
		{DB61874F-D92B-47EC-A2C8-530207FEE371}.Release|Any CPU.ActiveCfg = Release|Any CPU
		{DB61874F-D92B-47EC-A2C8-530207FEE371}.Release|Any CPU.Build.0 = Release|Any CPU
		{DB61874F-D92B-47EC-A2C8-530207FEE371}.Release|x64.ActiveCfg = Release|Any CPU
		{DB61874F-D92B-47EC-A2C8-530207FEE371}.Release|x64.Build.0 = Release|Any CPU
		{DB61874F-D92B-47EC-A2C8-530207FEE371}.Release|x86.ActiveCfg = Release|Any CPU
		{DB61874F-D92B-47EC-A2C8-530207FEE371}.Release|x86.Build.0 = Release|Any CPU
		{C8115E0D-83E8-479B-BEF2-49B36E4A3F72}.Debug|Any CPU.ActiveCfg = Debug|Any CPU
		{C8115E0D-83E8-479B-BEF2-49B36E4A3F72}.Debug|Any CPU.Build.0 = Debug|Any CPU
		{C8115E0D-83E8-479B-BEF2-49B36E4A3F72}.Debug|x64.ActiveCfg = Debug|Any CPU
		{C8115E0D-83E8-479B-BEF2-49B36E4A3F72}.Debug|x64.Build.0 = Debug|Any CPU
		{C8115E0D-83E8-479B-BEF2-49B36E4A3F72}.Debug|x86.ActiveCfg = Debug|Any CPU
		{C8115E0D-83E8-479B-BEF2-49B36E4A3F72}.Debug|x86.Build.0 = Debug|Any CPU
		{C8115E0D-83E8-479B-BEF2-49B36E4A3F72}.Release|Any CPU.ActiveCfg = Release|Any CPU
		{C8115E0D-83E8-479B-BEF2-49B36E4A3F72}.Release|Any CPU.Build.0 = Release|Any CPU
		{C8115E0D-83E8-479B-BEF2-49B36E4A3F72}.Release|x64.ActiveCfg = Release|Any CPU
		{C8115E0D-83E8-479B-BEF2-49B36E4A3F72}.Release|x64.Build.0 = Release|Any CPU
		{C8115E0D-83E8-479B-BEF2-49B36E4A3F72}.Release|x86.ActiveCfg = Release|Any CPU
		{C8115E0D-83E8-479B-BEF2-49B36E4A3F72}.Release|x86.Build.0 = Release|Any CPU
		{537839E2-59C3-4D8B-80E1-60EC59EA5E26}.Debug|Any CPU.ActiveCfg = Debug|Any CPU
		{537839E2-59C3-4D8B-80E1-60EC59EA5E26}.Debug|Any CPU.Build.0 = Debug|Any CPU
		{537839E2-59C3-4D8B-80E1-60EC59EA5E26}.Debug|x64.ActiveCfg = Debug|Any CPU
		{537839E2-59C3-4D8B-80E1-60EC59EA5E26}.Debug|x64.Build.0 = Debug|Any CPU
		{537839E2-59C3-4D8B-80E1-60EC59EA5E26}.Debug|x86.ActiveCfg = Debug|Any CPU
		{537839E2-59C3-4D8B-80E1-60EC59EA5E26}.Debug|x86.Build.0 = Debug|Any CPU
		{537839E2-59C3-4D8B-80E1-60EC59EA5E26}.Release|Any CPU.ActiveCfg = Release|Any CPU
		{537839E2-59C3-4D8B-80E1-60EC59EA5E26}.Release|Any CPU.Build.0 = Release|Any CPU
		{537839E2-59C3-4D8B-80E1-60EC59EA5E26}.Release|x64.ActiveCfg = Release|Any CPU
		{537839E2-59C3-4D8B-80E1-60EC59EA5E26}.Release|x64.Build.0 = Release|Any CPU
		{537839E2-59C3-4D8B-80E1-60EC59EA5E26}.Release|x86.ActiveCfg = Release|Any CPU
		{537839E2-59C3-4D8B-80E1-60EC59EA5E26}.Release|x86.Build.0 = Release|Any CPU
		{9B79FA59-5D26-443F-B9D5-41C78246CBB9}.Debug|Any CPU.ActiveCfg = Debug|Any CPU
		{9B79FA59-5D26-443F-B9D5-41C78246CBB9}.Debug|Any CPU.Build.0 = Debug|Any CPU
		{9B79FA59-5D26-443F-B9D5-41C78246CBB9}.Debug|x64.ActiveCfg = Debug|Any CPU
		{9B79FA59-5D26-443F-B9D5-41C78246CBB9}.Debug|x64.Build.0 = Debug|Any CPU
		{9B79FA59-5D26-443F-B9D5-41C78246CBB9}.Debug|x86.ActiveCfg = Debug|Any CPU
		{9B79FA59-5D26-443F-B9D5-41C78246CBB9}.Debug|x86.Build.0 = Debug|Any CPU
		{9B79FA59-5D26-443F-B9D5-41C78246CBB9}.Release|Any CPU.ActiveCfg = Release|Any CPU
		{9B79FA59-5D26-443F-B9D5-41C78246CBB9}.Release|Any CPU.Build.0 = Release|Any CPU
		{9B79FA59-5D26-443F-B9D5-41C78246CBB9}.Release|x64.ActiveCfg = Release|Any CPU
		{9B79FA59-5D26-443F-B9D5-41C78246CBB9}.Release|x64.Build.0 = Release|Any CPU
		{9B79FA59-5D26-443F-B9D5-41C78246CBB9}.Release|x86.ActiveCfg = Release|Any CPU
		{9B79FA59-5D26-443F-B9D5-41C78246CBB9}.Release|x86.Build.0 = Release|Any CPU
		{380689E6-0437-441C-BF91-636990D8D193}.Debug|Any CPU.ActiveCfg = Debug|Any CPU
		{380689E6-0437-441C-BF91-636990D8D193}.Debug|Any CPU.Build.0 = Debug|Any CPU
		{380689E6-0437-441C-BF91-636990D8D193}.Debug|x64.ActiveCfg = Debug|Any CPU
		{380689E6-0437-441C-BF91-636990D8D193}.Debug|x64.Build.0 = Debug|Any CPU
		{380689E6-0437-441C-BF91-636990D8D193}.Debug|x86.ActiveCfg = Debug|Any CPU
		{380689E6-0437-441C-BF91-636990D8D193}.Debug|x86.Build.0 = Debug|Any CPU
		{380689E6-0437-441C-BF91-636990D8D193}.Release|Any CPU.ActiveCfg = Release|Any CPU
		{380689E6-0437-441C-BF91-636990D8D193}.Release|Any CPU.Build.0 = Release|Any CPU
		{380689E6-0437-441C-BF91-636990D8D193}.Release|x64.ActiveCfg = Release|Any CPU
		{380689E6-0437-441C-BF91-636990D8D193}.Release|x64.Build.0 = Release|Any CPU
		{380689E6-0437-441C-BF91-636990D8D193}.Release|x86.ActiveCfg = Release|Any CPU
		{380689E6-0437-441C-BF91-636990D8D193}.Release|x86.Build.0 = Release|Any CPU
		{37E8F699-F8EC-4E04-88DB-F1D6F423273C}.Debug|Any CPU.ActiveCfg = Debug|Any CPU
		{37E8F699-F8EC-4E04-88DB-F1D6F423273C}.Debug|Any CPU.Build.0 = Debug|Any CPU
		{37E8F699-F8EC-4E04-88DB-F1D6F423273C}.Debug|x64.ActiveCfg = Debug|Any CPU
		{37E8F699-F8EC-4E04-88DB-F1D6F423273C}.Debug|x64.Build.0 = Debug|Any CPU
		{37E8F699-F8EC-4E04-88DB-F1D6F423273C}.Debug|x86.ActiveCfg = Debug|Any CPU
		{37E8F699-F8EC-4E04-88DB-F1D6F423273C}.Debug|x86.Build.0 = Debug|Any CPU
		{37E8F699-F8EC-4E04-88DB-F1D6F423273C}.Release|Any CPU.ActiveCfg = Release|Any CPU
		{37E8F699-F8EC-4E04-88DB-F1D6F423273C}.Release|Any CPU.Build.0 = Release|Any CPU
		{37E8F699-F8EC-4E04-88DB-F1D6F423273C}.Release|x64.ActiveCfg = Release|Any CPU
		{37E8F699-F8EC-4E04-88DB-F1D6F423273C}.Release|x64.Build.0 = Release|Any CPU
		{37E8F699-F8EC-4E04-88DB-F1D6F423273C}.Release|x86.ActiveCfg = Release|Any CPU
		{37E8F699-F8EC-4E04-88DB-F1D6F423273C}.Release|x86.Build.0 = Release|Any CPU
		{AB92EBAE-E1E5-49B5-A555-2DBE70406E21}.Debug|Any CPU.ActiveCfg = Debug|Any CPU
		{AB92EBAE-E1E5-49B5-A555-2DBE70406E21}.Debug|Any CPU.Build.0 = Debug|Any CPU
		{AB92EBAE-E1E5-49B5-A555-2DBE70406E21}.Debug|x64.ActiveCfg = Debug|Any CPU
		{AB92EBAE-E1E5-49B5-A555-2DBE70406E21}.Debug|x64.Build.0 = Debug|Any CPU
		{AB92EBAE-E1E5-49B5-A555-2DBE70406E21}.Debug|x86.ActiveCfg = Debug|Any CPU
		{AB92EBAE-E1E5-49B5-A555-2DBE70406E21}.Debug|x86.Build.0 = Debug|Any CPU
		{AB92EBAE-E1E5-49B5-A555-2DBE70406E21}.Release|Any CPU.ActiveCfg = Release|Any CPU
		{AB92EBAE-E1E5-49B5-A555-2DBE70406E21}.Release|Any CPU.Build.0 = Release|Any CPU
		{AB92EBAE-E1E5-49B5-A555-2DBE70406E21}.Release|x64.ActiveCfg = Release|Any CPU
		{AB92EBAE-E1E5-49B5-A555-2DBE70406E21}.Release|x64.Build.0 = Release|Any CPU
		{AB92EBAE-E1E5-49B5-A555-2DBE70406E21}.Release|x86.ActiveCfg = Release|Any CPU
		{AB92EBAE-E1E5-49B5-A555-2DBE70406E21}.Release|x86.Build.0 = Release|Any CPU
		{DF4DEBD8-873B-4D28-8ACE-6890853C6CAD}.Debug|Any CPU.ActiveCfg = Debug|Any CPU
		{DF4DEBD8-873B-4D28-8ACE-6890853C6CAD}.Debug|Any CPU.Build.0 = Debug|Any CPU
		{DF4DEBD8-873B-4D28-8ACE-6890853C6CAD}.Debug|x64.ActiveCfg = Debug|Any CPU
		{DF4DEBD8-873B-4D28-8ACE-6890853C6CAD}.Debug|x64.Build.0 = Debug|Any CPU
		{DF4DEBD8-873B-4D28-8ACE-6890853C6CAD}.Debug|x86.ActiveCfg = Debug|Any CPU
		{DF4DEBD8-873B-4D28-8ACE-6890853C6CAD}.Debug|x86.Build.0 = Debug|Any CPU
		{DF4DEBD8-873B-4D28-8ACE-6890853C6CAD}.Release|Any CPU.ActiveCfg = Release|Any CPU
		{DF4DEBD8-873B-4D28-8ACE-6890853C6CAD}.Release|Any CPU.Build.0 = Release|Any CPU
		{DF4DEBD8-873B-4D28-8ACE-6890853C6CAD}.Release|x64.ActiveCfg = Release|Any CPU
		{DF4DEBD8-873B-4D28-8ACE-6890853C6CAD}.Release|x64.Build.0 = Release|Any CPU
		{DF4DEBD8-873B-4D28-8ACE-6890853C6CAD}.Release|x86.ActiveCfg = Release|Any CPU
		{DF4DEBD8-873B-4D28-8ACE-6890853C6CAD}.Release|x86.Build.0 = Release|Any CPU
	EndGlobalSection
	GlobalSection(SolutionProperties) = preSolution
		HideSolutionNode = FALSE
	EndGlobalSection
	GlobalSection(ExtensibilityGlobals) = postSolution
		SolutionGuid = {BC9A179A-F901-42FC-8CAE-7940ECCF5D4D}
	EndGlobalSection
EndGlobal
